
Microsoft Visual Studio Solution File, Format Version 12.00
# Visual Studio Version 17
VisualStudioVersion = 17.3.32819.101
MinimumVisualStudioVersion = 10.0.40219.1
Project("{FAE04EC0-301F-11D3-BF4B-00C04F79EFBC}") = "CS_Basics", "CS_Basics\CS_Basics.csproj", "{2C25F89C-5D31-4596-89D1-0C275C89B1B8}"
EndProject
Global
	GlobalSection(SolutionConfigurationPlatforms) = preSolution
		Debug|Any CPU = Debug|Any CPU
		Release|Any CPU = Release|Any CPU
	EndGlobalSection
	GlobalSection(ProjectConfigurationPlatforms) = postSolution
		{2C25F89C-5D31-4596-89D1-0C275C89B1B8}.Debug|Any CPU.ActiveCfg = Debug|Any CPU
		{2C25F89C-5D31-4596-89D1-0C275C89B1B8}.Debug|Any CPU.Build.0 = Debug|Any CPU
		{2C25F89C-5D31-4596-89D1-0C275C89B1B8}.Release|Any CPU.ActiveCfg = Release|Any CPU
		{2C25F89C-5D31-4596-89D1-0C275C89B1B8}.Release|Any CPU.Build.0 = Release|Any CPU
	EndGlobalSection
	GlobalSection(SolutionProperties) = preSolution
		HideSolutionNode = FALSE
	EndGlobalSection
	GlobalSection(ExtensibilityGlobals) = postSolution
		SolutionGuid = {FA61BD86-C006-44F1-87CD-339E00A7D0C6}
	EndGlobalSection
EndGlobal
